
Microsoft Visual Studio Solution File, Format Version 12.00
# Visual Studio Version 17
VisualStudioVersion = 17.2.32516.85
MinimumVisualStudioVersion = 10.0.40219.1
Project("{FAE04EC0-301F-11D3-BF4B-00C04F79EFBC}") = "WebAp_MVC_L53_EF_DDN_28523", "WebAp_MVC_L53_EF_DDN_28523\WebAp_MVC_L53_EF_DDN_28523.csproj", "{35F92E1F-9E99-4E36-99E6-C58249BDDB87}"
EndProject
Global
	GlobalSection(SolutionConfigurationPlatforms) = preSolution
		Debug|Any CPU = Debug|Any CPU
		Release|Any CPU = Release|Any CPU
	EndGlobalSection
	GlobalSection(ProjectConfigurationPlatforms) = postSolution
		{35F92E1F-9E99-4E36-99E6-C58249BDDB87}.Debug|Any CPU.ActiveCfg = Debug|Any CPU
		{35F92E1F-9E99-4E36-99E6-C58249BDDB87}.Debug|Any CPU.Build.0 = Debug|Any CPU
		{35F92E1F-9E99-4E36-99E6-C58249BDDB87}.Release|Any CPU.ActiveCfg = Release|Any CPU
		{35F92E1F-9E99-4E36-99E6-C58249BDDB87}.Release|Any CPU.Build.0 = Release|Any CPU
	EndGlobalSection
	GlobalSection(SolutionProperties) = preSolution
		HideSolutionNode = FALSE
	EndGlobalSection
	GlobalSection(ExtensibilityGlobals) = postSolution
		SolutionGuid = {D973EC6A-BABF-4A3D-A379-740B1BE20BE4}
	EndGlobalSection
EndGlobal
